
Microsoft Visual Studio Solution File, Format Version 12.00
# Visual Studio 2013
VisualStudioVersion = 12.0.31101.0
MinimumVisualStudioVersion = 10.0.40219.1
Project("{FAE04EC0-301F-11D3-BF4B-00C04F79EFBC}") = "Compwreck.Domain", "Compwreck.Domain\Compwreck.Domain.csproj", "{9120EF69-AC6B-4434-822C-387E4223A0DA}"
EndProject
Project("{FAE04EC0-301F-11D3-BF4B-00C04F79EFBC}") = "Compuwreck.Persistance", "Compuwreck.Persistance\Compuwreck.Persistance.csproj", "{1CFECDED-12E7-4ADB-9A52-72F491B48EB0}"
EndProject
Global
	GlobalSection(SolutionConfigurationPlatforms) = preSolution
		Debug|Any CPU = Debug|Any CPU
		Release|Any CPU = Release|Any CPU
	EndGlobalSection
	GlobalSection(ProjectConfigurationPlatforms) = postSolution
		{9120EF69-AC6B-4434-822C-387E4223A0DA}.Debug|Any CPU.ActiveCfg = Debug|Any CPU
		{9120EF69-AC6B-4434-822C-387E4223A0DA}.Debug|Any CPU.Build.0 = Debug|Any CPU
		{9120EF69-AC6B-4434-822C-387E4223A0DA}.Release|Any CPU.ActiveCfg = Release|Any CPU
		{9120EF69-AC6B-4434-822C-387E4223A0DA}.Release|Any CPU.Build.0 = Release|Any CPU
		{1CFECDED-12E7-4ADB-9A52-72F491B48EB0}.Debug|Any CPU.ActiveCfg = Debug|Any CPU
		{1CFECDED-12E7-4ADB-9A52-72F491B48EB0}.Debug|Any CPU.Build.0 = Debug|Any CPU
		{1CFECDED-12E7-4ADB-9A52-72F491B48EB0}.Release|Any CPU.ActiveCfg = Release|Any CPU
		{1CFECDED-12E7-4ADB-9A52-72F491B48EB0}.Release|Any CPU.Build.0 = Release|Any CPU
	EndGlobalSection
	GlobalSection(SolutionProperties) = preSolution
		HideSolutionNode = FALSE
	EndGlobalSection
EndGlobal
